
Microsoft Visual Studio Solution File, Format Version 12.00
# Visual Studio Version 17
VisualStudioVersion = 17.8.34525.116
MinimumVisualStudioVersion = 10.0.40219.1
Project("{9A19103F-16F7-4668-BE54-9A1E7A4F7556}") = "Task0", "Task0\Task0.csproj", "{B3434923-E494-4BDC-99E4-81E7172451C2}"
EndProject
Project("{9A19103F-16F7-4668-BE54-9A1E7A4F7556}") = "Task7", "Task7\Task7.csproj", "{A3B7B618-C26F-4D3C-9BC9-905DE67900C4}"
EndProject
Project("{9A19103F-16F7-4668-BE54-9A1E7A4F7556}") = "Task8", "Task8\Task8.csproj", "{9FD4E93E-C129-43DC-AEEB-7EE30DA15431}"
EndProject
Project("{9A19103F-16F7-4668-BE54-9A1E7A4F7556}") = "Task9a", "Task9a\Task9a.csproj", "{CB653DD9-444E-4E8B-9844-14F0EE13B188}"
EndProject
Project("{9A19103F-16F7-4668-BE54-9A1E7A4F7556}") = "Task9b", "Task9b\Task9b.csproj", "{43B000E1-B125-4DA3-A98B-BC431B59FFC3}"
EndProject
Project("{9A19103F-16F7-4668-BE54-9A1E7A4F7556}") = "Task9c", "Task9c\Task9c.csproj", "{B3B103B4-EACE-4EA8-B459-B52D1E8562E3}"
EndProject
Project("{9A19103F-16F7-4668-BE54-9A1E7A4F7556}") = "Task9d", "Task9d\Task9d.csproj", "{385A13BE-5E00-4ADE-8474-5C1FB004BA67}"
EndProject
Project("{9A19103F-16F7-4668-BE54-9A1E7A4F7556}") = "Task17", "Task17\Task17.csproj", "{D4290333-0DC3-4E33-B43D-A8045D41EEBB}"
EndProject
Project("{9A19103F-16F7-4668-BE54-9A1E7A4F7556}") = "Task18", "Task18\Task18.csproj", "{2316D579-4993-47B1-87AA-E526E3462E61}"
EndProject
Project("{9A19103F-16F7-4668-BE54-9A1E7A4F7556}") = "Task19", "Task19\Task19.csproj", "{6BE45929-A834-4FC2-B2FE-EE1A79A35C2B}"
EndProject
Project("{9A19103F-16F7-4668-BE54-9A1E7A4F7556}") = "Task20", "Task20\Task20.csproj", "{3EE40706-E03E-443D-B842-B4B5AF15E883}"
EndProject
Project("{9A19103F-16F7-4668-BE54-9A1E7A4F7556}") = "Task21", "Task21\Task21.csproj", "{77E21E9E-7CBC-4138-BABD-E11453E621B9}"
EndProject
Project("{9A19103F-16F7-4668-BE54-9A1E7A4F7556}") = "Task22", "Task22\Task22.csproj", "{822618BC-3E81-4A80-909F-8F8DFAA0F745}"
EndProject
Project("{9A19103F-16F7-4668-BE54-9A1E7A4F7556}") = "Task23", "Task23\Task23.csproj", "{36CCA713-F0D3-4B49-9A4A-1103C58A5C73}"
EndProject
Project("{9A19103F-16F7-4668-BE54-9A1E7A4F7556}") = "Task24", "Task24\Task24.csproj", "{3C6C33D3-268C-4062-85B6-38001E7B4EF2}"
EndProject
Project("{9A19103F-16F7-4668-BE54-9A1E7A4F7556}") = "Task26", "Task26\Task26.csproj", "{8C6EA72D-3A91-4A69-857E-0FBEE4F45B3C}"
EndProject
Project("{9A19103F-16F7-4668-BE54-9A1E7A4F7556}") = "Task27", "Task27\Task27.csproj", "{C07B7F85-EEA5-4CC1-BC2B-C7F63963375E}"
EndProject
Project("{9A19103F-16F7-4668-BE54-9A1E7A4F7556}") = "Task28", "Task28\Task28.csproj", "{6F0B85F1-9ADF-44A2-BD85-8DEB312765FB}"
EndProject
Project("{FAE04EC0-301F-11D3-BF4B-00C04F79EFBC}") = "Task29", "Task29\Task29.csproj", "{2B3BE31B-62B0-4C64-B675-A4E680058463}"
EndProject
Project("{FAE04EC0-301F-11D3-BF4B-00C04F79EFBC}") = "Task30", "Task30\Task30.csproj", "{25E04AD2-41FD-4799-9D21-BA2BE803CAA1}"
EndProject
Global
	GlobalSection(SolutionConfigurationPlatforms) = preSolution
		Debug|Any CPU = Debug|Any CPU
		Release|Any CPU = Release|Any CPU
	EndGlobalSection
	GlobalSection(ProjectConfigurationPlatforms) = postSolution
		{B3434923-E494-4BDC-99E4-81E7172451C2}.Debug|Any CPU.ActiveCfg = Debug|Any CPU
		{B3434923-E494-4BDC-99E4-81E7172451C2}.Debug|Any CPU.Build.0 = Debug|Any CPU
		{B3434923-E494-4BDC-99E4-81E7172451C2}.Release|Any CPU.ActiveCfg = Release|Any CPU
		{B3434923-E494-4BDC-99E4-81E7172451C2}.Release|Any CPU.Build.0 = Release|Any CPU
		{A3B7B618-C26F-4D3C-9BC9-905DE67900C4}.Debug|Any CPU.ActiveCfg = Debug|Any CPU
		{A3B7B618-C26F-4D3C-9BC9-905DE67900C4}.Debug|Any CPU.Build.0 = Debug|Any CPU
		{A3B7B618-C26F-4D3C-9BC9-905DE67900C4}.Release|Any CPU.ActiveCfg = Release|Any CPU
		{A3B7B618-C26F-4D3C-9BC9-905DE67900C4}.Release|Any CPU.Build.0 = Release|Any CPU
		{9FD4E93E-C129-43DC-AEEB-7EE30DA15431}.Debug|Any CPU.ActiveCfg = Debug|Any CPU
		{9FD4E93E-C129-43DC-AEEB-7EE30DA15431}.Debug|Any CPU.Build.0 = Debug|Any CPU
		{9FD4E93E-C129-43DC-AEEB-7EE30DA15431}.Release|Any CPU.ActiveCfg = Release|Any CPU
		{9FD4E93E-C129-43DC-AEEB-7EE30DA15431}.Release|Any CPU.Build.0 = Release|Any CPU
		{CB653DD9-444E-4E8B-9844-14F0EE13B188}.Debug|Any CPU.ActiveCfg = Debug|Any CPU
		{CB653DD9-444E-4E8B-9844-14F0EE13B188}.Debug|Any CPU.Build.0 = Debug|Any CPU
		{CB653DD9-444E-4E8B-9844-14F0EE13B188}.Release|Any CPU.ActiveCfg = Release|Any CPU
		{CB653DD9-444E-4E8B-9844-14F0EE13B188}.Release|Any CPU.Build.0 = Release|Any CPU
		{43B000E1-B125-4DA3-A98B-BC431B59FFC3}.Debug|Any CPU.ActiveCfg = Debug|Any CPU
		{43B000E1-B125-4DA3-A98B-BC431B59FFC3}.Debug|Any CPU.Build.0 = Debug|Any CPU
		{43B000E1-B125-4DA3-A98B-BC431B59FFC3}.Release|Any CPU.ActiveCfg = Release|Any CPU
		{43B000E1-B125-4DA3-A98B-BC431B59FFC3}.Release|Any CPU.Build.0 = Release|Any CPU
		{B3B103B4-EACE-4EA8-B459-B52D1E8562E3}.Debug|Any CPU.ActiveCfg = Debug|Any CPU
		{B3B103B4-EACE-4EA8-B459-B52D1E8562E3}.Debug|Any CPU.Build.0 = Debug|Any CPU
		{B3B103B4-EACE-4EA8-B459-B52D1E8562E3}.Release|Any CPU.ActiveCfg = Release|Any CPU
		{B3B103B4-EACE-4EA8-B459-B52D1E8562E3}.Release|Any CPU.Build.0 = Release|Any CPU
		{385A13BE-5E00-4ADE-8474-5C1FB004BA67}.Debug|Any CPU.ActiveCfg = Debug|Any CPU
		{385A13BE-5E00-4ADE-8474-5C1FB004BA67}.Debug|Any CPU.Build.0 = Debug|Any CPU
		{385A13BE-5E00-4ADE-8474-5C1FB004BA67}.Release|Any CPU.ActiveCfg = Release|Any CPU
		{385A13BE-5E00-4ADE-8474-5C1FB004BA67}.Release|Any CPU.Build.0 = Release|Any CPU
		{D4290333-0DC3-4E33-B43D-A8045D41EEBB}.Debug|Any CPU.ActiveCfg = Debug|Any CPU
		{D4290333-0DC3-4E33-B43D-A8045D41EEBB}.Debug|Any CPU.Build.0 = Debug|Any CPU
		{D4290333-0DC3-4E33-B43D-A8045D41EEBB}.Release|Any CPU.ActiveCfg = Release|Any CPU
		{D4290333-0DC3-4E33-B43D-A8045D41EEBB}.Release|Any CPU.Build.0 = Release|Any CPU
		{2316D579-4993-47B1-87AA-E526E3462E61}.Debug|Any CPU.ActiveCfg = Debug|Any CPU
		{2316D579-4993-47B1-87AA-E526E3462E61}.Debug|Any CPU.Build.0 = Debug|Any CPU
		{2316D579-4993-47B1-87AA-E526E3462E61}.Release|Any CPU.ActiveCfg = Release|Any CPU
		{2316D579-4993-47B1-87AA-E526E3462E61}.Release|Any CPU.Build.0 = Release|Any CPU
		{6BE45929-A834-4FC2-B2FE-EE1A79A35C2B}.Debug|Any CPU.ActiveCfg = Debug|Any CPU
		{6BE45929-A834-4FC2-B2FE-EE1A79A35C2B}.Debug|Any CPU.Build.0 = Debug|Any CPU
		{6BE45929-A834-4FC2-B2FE-EE1A79A35C2B}.Release|Any CPU.ActiveCfg = Release|Any CPU
		{6BE45929-A834-4FC2-B2FE-EE1A79A35C2B}.Release|Any CPU.Build.0 = Release|Any CPU
		{3EE40706-E03E-443D-B842-B4B5AF15E883}.Debug|Any CPU.ActiveCfg = Debug|Any CPU
		{3EE40706-E03E-443D-B842-B4B5AF15E883}.Debug|Any CPU.Build.0 = Debug|Any CPU
		{3EE40706-E03E-443D-B842-B4B5AF15E883}.Release|Any CPU.ActiveCfg = Release|Any CPU
		{3EE40706-E03E-443D-B842-B4B5AF15E883}.Release|Any CPU.Build.0 = Release|Any CPU
		{77E21E9E-7CBC-4138-BABD-E11453E621B9}.Debug|Any CPU.ActiveCfg = Debug|Any CPU
		{77E21E9E-7CBC-4138-BABD-E11453E621B9}.Debug|Any CPU.Build.0 = Debug|Any CPU
		{77E21E9E-7CBC-4138-BABD-E11453E621B9}.Release|Any CPU.ActiveCfg = Release|Any CPU
		{77E21E9E-7CBC-4138-BABD-E11453E621B9}.Release|Any CPU.Build.0 = Release|Any CPU
		{822618BC-3E81-4A80-909F-8F8DFAA0F745}.Debug|Any CPU.ActiveCfg = Debug|Any CPU
		{822618BC-3E81-4A80-909F-8F8DFAA0F745}.Debug|Any CPU.Build.0 = Debug|Any CPU
		{822618BC-3E81-4A80-909F-8F8DFAA0F745}.Release|Any CPU.ActiveCfg = Release|Any CPU
		{822618BC-3E81-4A80-909F-8F8DFAA0F745}.Release|Any CPU.Build.0 = Release|Any CPU
		{36CCA713-F0D3-4B49-9A4A-1103C58A5C73}.Debug|Any CPU.ActiveCfg = Debug|Any CPU
		{36CCA713-F0D3-4B49-9A4A-1103C58A5C73}.Debug|Any CPU.Build.0 = Debug|Any CPU
		{36CCA713-F0D3-4B49-9A4A-1103C58A5C73}.Release|Any CPU.ActiveCfg = Release|Any CPU
		{36CCA713-F0D3-4B49-9A4A-1103C58A5C73}.Release|Any CPU.Build.0 = Release|Any CPU
		{3C6C33D3-268C-4062-85B6-38001E7B4EF2}.Debug|Any CPU.ActiveCfg = Debug|Any CPU
		{3C6C33D3-268C-4062-85B6-38001E7B4EF2}.Debug|Any CPU.Build.0 = Debug|Any CPU
		{3C6C33D3-268C-4062-85B6-38001E7B4EF2}.Release|Any CPU.ActiveCfg = Release|Any CPU
		{3C6C33D3-268C-4062-85B6-38001E7B4EF2}.Release|Any CPU.Build.0 = Release|Any CPU
		{8C6EA72D-3A91-4A69-857E-0FBEE4F45B3C}.Debug|Any CPU.ActiveCfg = Debug|Any CPU
		{8C6EA72D-3A91-4A69-857E-0FBEE4F45B3C}.Debug|Any CPU.Build.0 = Debug|Any CPU
		{8C6EA72D-3A91-4A69-857E-0FBEE4F45B3C}.Release|Any CPU.ActiveCfg = Release|Any CPU
		{8C6EA72D-3A91-4A69-857E-0FBEE4F45B3C}.Release|Any CPU.Build.0 = Release|Any CPU
		{C07B7F85-EEA5-4CC1-BC2B-C7F63963375E}.Debug|Any CPU.ActiveCfg = Debug|Any CPU
		{C07B7F85-EEA5-4CC1-BC2B-C7F63963375E}.Debug|Any CPU.Build.0 = Debug|Any CPU
		{C07B7F85-EEA5-4CC1-BC2B-C7F63963375E}.Release|Any CPU.ActiveCfg = Release|Any CPU
		{C07B7F85-EEA5-4CC1-BC2B-C7F63963375E}.Release|Any CPU.Build.0 = Release|Any CPU
		{6F0B85F1-9ADF-44A2-BD85-8DEB312765FB}.Debug|Any CPU.ActiveCfg = Debug|Any CPU
		{6F0B85F1-9ADF-44A2-BD85-8DEB312765FB}.Debug|Any CPU.Build.0 = Debug|Any CPU
		{6F0B85F1-9ADF-44A2-BD85-8DEB312765FB}.Release|Any CPU.ActiveCfg = Release|Any CPU
		{6F0B85F1-9ADF-44A2-BD85-8DEB312765FB}.Release|Any CPU.Build.0 = Release|Any CPU
		{2B3BE31B-62B0-4C64-B675-A4E680058463}.Debug|Any CPU.ActiveCfg = Debug|Any CPU
		{2B3BE31B-62B0-4C64-B675-A4E680058463}.Debug|Any CPU.Build.0 = Debug|Any CPU
		{2B3BE31B-62B0-4C64-B675-A4E680058463}.Release|Any CPU.ActiveCfg = Release|Any CPU
		{2B3BE31B-62B0-4C64-B675-A4E680058463}.Release|Any CPU.Build.0 = Release|Any CPU
		{25E04AD2-41FD-4799-9D21-BA2BE803CAA1}.Debug|Any CPU.ActiveCfg = Debug|Any CPU
		{25E04AD2-41FD-4799-9D21-BA2BE803CAA1}.Debug|Any CPU.Build.0 = Debug|Any CPU
		{25E04AD2-41FD-4799-9D21-BA2BE803CAA1}.Release|Any CPU.ActiveCfg = Release|Any CPU
		{25E04AD2-41FD-4799-9D21-BA2BE803CAA1}.Release|Any CPU.Build.0 = Release|Any CPU
	EndGlobalSection
	GlobalSection(SolutionProperties) = preSolution
		HideSolutionNode = FALSE
	EndGlobalSection
	GlobalSection(ExtensibilityGlobals) = postSolution
		SolutionGuid = {362170BA-7DFF-43B8-8B7A-1E9F981FD6DA}
	EndGlobalSection
EndGlobal
